// !$*UTF8*$!
{
	archiveVersion = 1;
	classes = {
	};
	objectVersion = 50;
	objects = {

/* Begin PBXBuildFile section */
		674334F323B5E72C00ADC0F4 /* AppDelegate.swift in Sources */ = {isa = PBXBuildFile; fileRef = 674334F223B5E72C00ADC0F4 /* AppDelegate.swift */; };
		674334F523B5E72C00ADC0F4 /* SceneDelegate.swift in Sources */ = {isa = PBXBuildFile; fileRef = 674334F423B5E72C00ADC0F4 /* SceneDelegate.swift */; };
		674334F723B5E72C00ADC0F4 /* ViewController.swift in Sources */ = {isa = PBXBuildFile; fileRef = 674334F623B5E72C00ADC0F4 /* ViewController.swift */; };
		674334FA23B5E72C00ADC0F4 /* Main.storyboard in Resources */ = {isa = PBXBuildFile; fileRef = 674334F823B5E72C00ADC0F4 /* Main.storyboard */; };
		674334FC23B5E72D00ADC0F4 /* Assets.xcassets in Resources */ = {isa = PBXBuildFile; fileRef = 674334FB23B5E72D00ADC0F4 /* Assets.xcassets */; };
		674334FF23B5E72D00ADC0F4 /* LaunchScreen.storyboard in Resources */ = {isa = PBXBuildFile; fileRef = 674334FD23B5E72D00ADC0F4 /* LaunchScreen.storyboard */; };
/* End PBXBuildFile section */

/* Begin PBXFileReference section */
		674334EF23B5E72C00ADC0F4 /* StartTableView.app */ = {isa = PBXFileReference; explicitFileType = wrapper.application; includeInIndex = 0; path = StartTableView.app; sourceTree = BUILT_PRODUCTS_DIR; };
		674334F223B5E72C00ADC0F4 /* AppDelegate.swift */ = {isa = PBXFileReference; lastKnownFileType = sourcecode.swift; path = AppDelegate.swift; sourceTree = "<group>"; };
		674334F423B5E72C00ADC0F4 /* SceneDelegate.swift */ = {isa = PBXFileReference; lastKnownFileType = sourcecode.swift; path = SceneDelegate.swift; sourceTree = "<group>"; };
		674334F623B5E72C00ADC0F4 /* ViewController.swift */ = {isa = PBXFileReference; lastKnownFileType = sourcecode.swift; path = ViewController.swift; sourceTree = "<group>"; };
		674334F923B5E72C00ADC0F4 /* Base */ = {isa = PBXFileReference; lastKnownFileType = file.storyboard; name = Base; path = Base.lproj/Main.storyboard; sourceTree = "<group>"; };
		674334FB23B5E72D00ADC0F4 /* Assets.xcassets */ = {isa = PBXFileReference; lastKnownFileType = folder.assetcatalog; path = Assets.xcassets; sourceTree = "<group>"; };
		674334FE23B5E72D00ADC0F4 /* Base */ = {isa = PBXFileReference; lastKnownFileType = file.storyboard; name = Base; path = Base.lproj/LaunchScreen.storyboard; sourceTree = "<group>"; };
		6743350023B5E72D00ADC0F4 /* Info.plist */ = {isa = PBXFileReference; lastKnownFileType = text.plist.xml; path = Info.plist; sourceTree = "<group>"; };
/* End PBXFileReference section */

/* Begin PBXFrameworksBuildPhase section */
		674334EC23B5E72C00ADC0F4 /* Frameworks */ = {
			isa = PBXFrameworksBuildPhase;
			buildActionMask = 2147483647;
			files = (
			);
			runOnlyForDeploymentPostprocessing = 0;
		};
/* End PBXFrameworksBuildPhase section */

/* Begin PBXGroup section */
		674334E623B5E72C00ADC0F4 = {
			isa = PBXGroup;
			children = (
				674334F123B5E72C00ADC0F4 /* StartTableView */,
				674334F023B5E72C00ADC0F4 /* Products */,
			);
			sourceTree = "<group>";
		};
		674334F023B5E72C00ADC0F4 /* Products */ = {
			isa = PBXGroup;
			children = (
				674334EF23B5E72C00ADC0F4 /* StartTableView.app */,
			);
			name = Products;
			sourceTree = "<group>";
		};
		674334F123B5E72C00ADC0F4 /* StartTableView */ = {
			isa = PBXGroup;
			children = (
				674334F223B5E72C00ADC0F4 /* AppDelegate.swift */,
				674334F423B5E72C00ADC0F4 /* SceneDelegate.swift */,
				674334F623B5E72C00ADC0F4 /* ViewController.swift */,
				674334F823B5E72C00ADC0F4 /* Main.storyboard */,
				674334FB23B5E72D00ADC0F4 /* Assets.xcassets */,
				674334FD23B5E72D00ADC0F4 /* LaunchScreen.storyboard */,
				6743350023B5E72D00ADC0F4 /* Info.plist */,
			);
			path = StartTableView;
			sourceTree = "<group>";
		};
/* End PBXGroup section */

/* Begin PBXNativeTarget section */
		674334EE23B5E72C00ADC0F4 /* StartTableView */ = {
			isa = PBXNativeTarget;
			buildConfigurationList = 6743350323B5E72D00ADC0F4 /* Build configuration list for PBXNativeTarget "StartTableView" */;
			buildPhases = (
				674334EB23B5E72C00ADC0F4 /* Sources */,
				674334EC23B5E72C00ADC0F4 /* Frameworks */,
				674334ED23B5E72C00ADC0F4 /* Resources */,
			);
			buildRules = (
			);
			dependencies = (
			);
			name = StartTableView;
			productName = StartTableView;
			productReference = 674334EF23B5E72C00ADC0F4 /* StartTableView.app */;
			productType = "com.apple.product-type.application";
		};
/* End PBXNativeTarget section */

/* Begin PBXProject section */
		674334E723B5E72C00ADC0F4 /* Project object */ = {
			isa = PBXProject;
			attributes = {
				LastSwiftUpdateCheck = 1120;
				LastUpgradeCheck = 1120;
				ORGANIZATIONNAME = "山本竜也";
				TargetAttributes = {
					674334EE23B5E72C00ADC0F4 = {
						CreatedOnToolsVersion = 11.2.1;
					};
				};
			};
			buildConfigurationList = 674334EA23B5E72C00ADC0F4 /* Build configuration list for PBXProject "StartTableView" */;
			compatibilityVersion = "Xcode 9.3";
			developmentRegion = en;
			hasScannedForEncodings = 0;
			knownRegions = (
				en,
				Base,
			);
			mainGroup = 674334E623B5E72C00ADC0F4;
			productRefGroup = 674334F023B5E72C00ADC0F4 /* Products */;
			projectDirPath = "";
			projectRoot = "";
			targets = (
				674334EE23B5E72C00ADC0F4 /* StartTableView */,
			);
		};
/* End PBXProject section */

/* Begin PBXResourcesBuildPhase section */
		674334ED23B5E72C00ADC0F4 /* Resources */ = {
			isa = PBXResourcesBuildPhase;
			buildActionMask = 2147483647;
			files = (
				674334FF23B5E72D00ADC0F4 /* LaunchScreen.storyboard in Resources */,
				674334FC23B5E72D00ADC0F4 /* Assets.xcassets in Resources */,
				674334FA23B5E72C00ADC0F4 /* Main.storyboard in Resources */,
			);
			runOnlyForDeploymentPostprocessing = 0;
		};
/* End PBXResourcesBuildPhase section */

/* Begin PBXSourcesBuildPhase section */
		674334EB23B5E72C00ADC0F4 /* Sources */ = {
			isa = PBXSourcesBuildPhase;
			buildActionMask = 2147483647;
			files = (
				674334F723B5E72C00ADC0F4 /* ViewController.swift in Sources */,
				674334F323B5E72C00ADC0F4 /* AppDelegate.swift in Sources */,
				674334F523B5E72C00ADC0F4 /* SceneDelegate.swift in Sources */,
			);
			runOnlyForDeploymentPostprocessing = 0;
		};
/* End PBXSourcesBuildPhase section */

/* Begin PBXVariantGroup section */
		674334F823B5E72C00ADC0F4 /* Main.storyboard */ = {
			isa = PBXVariantGroup;
			children = (
				674334F923B5E72C00ADC0F4 /* Base */,
			);
			name = Main.storyboard;
			sourceTree = "<group>";
		};
		674334FD23B5E72D00ADC0F4 /* LaunchScreen.storyboard */ = {
			isa = PBXVariantGroup;
			children = (
				674334FE23B5E72D00ADC0F4 /* Base */,
			);
			name = LaunchScreen.storyboard;
			sourceTree = "<group>";
		};
/* End PBXVariantGroup section */

/* Begin XCBuildConfiguration section */
		6743350123B5E72D00ADC0F4 /* Debug */ = {
			isa = XCBuildConfiguration;
			buildSettings = {
				ALWAYS_SEARCH_USER_PATHS = NO;
				CLANG_ANALYZER_NONNULL = YES;
				CLANG_ANALYZER_NUMBER_OBJECT_CONVERSION = YES_AGGRESSIVE;
				CLANG_CXX_LANGUAGE_STANDARD = "gnu++14";
				CLANG_CXX_LIBRARY = "libc++";
				CLANG_ENABLE_MODULES = YES;
				CLANG_ENABLE_OBJC_ARC = YES;
				CLANG_ENABLE_OBJC_WEAK = YES;
				CLANG_WARN_BLOCK_CAPTURE_AUTORELEASING = YES;
				CLANG_WARN_BOOL_CONVERSION = YES;
				CLANG_WARN_COMMA = YES;
				CLANG_WARN_CONSTANT_CONVERSION = YES;
				CLANG_WARN_DEPRECATED_OBJC_IMPLEMENTATIONS = YES;
				CLANG_WARN_DIRECT_OBJC_ISA_USAGE = YES_ERROR;
				CLANG_WARN_DOCUMENTATION_COMMENTS = YES;
				CLANG_WARN_EMPTY_BODY = YES;
				CLANG_WARN_ENUM_CONVERSION = YES;
				CLANG_WARN_INFINITE_RECURSION = YES;
				CLANG_WARN_INT_CONVERSION = YES;
				CLANG_WARN_NON_LITERAL_NULL_CONVERSION = YES;
				CLANG_WARN_OBJC_IMPLICIT_RETAIN_SELF = YES;
				CLANG_WARN_OBJC_LITERAL_CONVERSION = YES;
				CLANG_WARN_OBJC_ROOT_CLASS = YES_ERROR;
				CLANG_WARN_RANGE_LOOP_ANALYSIS = YES;
				CLANG_WARN_STRICT_PROTOTYPES = YES;
				CLANG_WARN_SUSPICIOUS_MOVE = YES;
				CLANG_WARN_UNGUARDED_AVAILABILITY = YES_AGGRESSIVE;
				CLANG_WARN_UNREACHABLE_CODE = YES;
				CLANG_WARN__DUPLICATE_METHOD_MATCH = YES;
				COPY_PHASE_STRIP = NO;
				DEBUG_INFORMATION_FORMAT = dwarf;
				ENABLE_STRICT_OBJC_MSGSEND = YES;
				ENABLE_TESTABILITY = YES;
				GCC_C_LANGUAGE_STANDARD = gnu11;
				GCC_DYNAMIC_NO_PIC = NO;
				GCC_NO_COMMON_BLOCKS = YES;
				GCC_OPTIMIZATION_LEVEL = 0;
				GCC_PREPROCESSOR_DEFINITIONS = (
					"DEBUG=1",
					"$(inherited)",
				);
				GCC_WARN_64_TO_32_BIT_CONVERSION = YES;
				GCC_WARN_ABOUT_RETURN_TYPE = YES_ERROR;
				GCC_WARN_UNDECLARED_SELECTOR = YES;
				GCC_WARN_UNINITIALIZED_AUTOS = YES_AGGRESSIVE;
				GCC_WARN_UNUSED_FUNCTION = YES;
				GCC_WARN_UNUSED_VARIABLE = YES;
				IPHONEOS_DEPLOYMENT_TARGET = 13.2;
				MTL_ENABLE_DEBUG_INFO = INCLUDE_SOURCE;
				MTL_FAST_MATH = YES;
				ONLY_ACTIVE_ARCH = YES;
				SDKROOT = iphoneos;
				SWIFT_ACTIVE_COMPILATION_CONDITIONS = DEBUG;
				SWIFT_OPTIMIZATION_LEVEL = "-Onone";
			};
			name = Debug;
		};
		6743350223B5E72D00ADC0F4 /* Release */ = {
			isa = XCBuildConfiguration;
			buildSettings = {
				ALWAYS_SEARCH_USER_PATHS = NO;
				CLANG_ANALYZER_NONNULL = YES;
				CLANG_ANALYZER_NUMBER_OBJECT_CONVERSION = YES_AGGRESSIVE;
				CLANG_CXX_LANGUAGE_STANDARD = "gnu++14";
				CLANG_CXX_LIBRARY = "libc++";
				CLANG_ENABLE_MODULES = YES;
				CLANG_ENABLE_OBJC_ARC = YES;
				CLANG_ENABLE_OBJC_WEAK = YES;
				CLANG_WARN_BLOCK_CAPTURE_AUTORELEASING = YES;
				CLANG_WARN_BOOL_CONVERSION = YES;
				CLANG_WARN_COMMA = YES;
				CLANG_WARN_CONSTANT_CONVERSION = YES;
				CLANG_WARN_DEPRECATED_OBJC_IMPLEMENTATIONS = YES;
				CLANG_WARN_DIRECT_OBJC_ISA_USAGE = YES_ERROR;
				CLANG_WARN_DOCUMENTATION_COMMENTS = YES;
				CLANG_WARN_EMPTY_BODY = YES;
				CLANG_WARN_ENUM_CONVERSION = YES;
				CLANG_WARN_INFINITE_RECURSION = YES;
				CLANG_WARN_INT_CONVERSION = YES;
				CLANG_WARN_NON_LITERAL_NULL_CONVERSION = YES;
				CLANG_WARN_OBJC_IMPLICIT_RETAIN_SELF = YES;
				CLANG_WARN_OBJC_LITERAL_CONVERSION = YES;
				CLANG_WARN_OBJC_ROOT_CLASS = YES_ERROR;
				CLANG_WARN_RANGE_LOOP_ANALYSIS = YES;
				CLANG_WARN_STRICT_PROTOTYPES = YES;
				CLANG_WARN_SUSPICIOUS_MOVE = YES;
				CLANG_WARN_UNGUARDED_AVAILABILITY = YES_AGGRESSIVE;
				CLANG_WARN_UNREACHABLE_CODE = YES;
				CLANG_WARN__DUPLICATE_METHOD_MATCH = YES;
				COPY_PHASE_STRIP = NO;
				DEBUG_INFORMATION_FORMAT = "dwarf-with-dsym";
				ENABLE_NS_ASSERTIONS = NO;
				ENABLE_STRICT_OBJC_MSGSEND = YES;
				GCC_C_LANGUAGE_STANDARD = gnu11;
				GCC_NO_COMMON_BLOCKS = YES;
				GCC_WARN_64_TO_32_BIT_CONVERSION = YES;
				GCC_WARN_ABOUT_RETURN_TYPE = YES_ERROR;
				GCC_WARN_UNDECLARED_SELECTOR = YES;
				GCC_WARN_UNINITIALIZED_AUTOS = YES_AGGRESSIVE;
				GCC_WARN_UNUSED_FUNCTION = YES;
				GCC_WARN_UNUSED_VARIABLE = YES;
				IPHONEOS_DEPLOYMENT_TARGET = 13.2;
				MTL_ENABLE_DEBUG_INFO = NO;
				MTL_FAST_MATH = YES;
				SDKROOT = iphoneos;
				SWIFT_COMPILATION_MODE = wholemodule;
				SWIFT_OPTIMIZATION_LEVEL = "-O";
				VALIDATE_PRODUCT = YES;
			};
			name = Release;
		};
		6743350423B5E72D00ADC0F4 /* Debug */ = {
			isa = XCBuildConfiguration;
			buildSettings = {
				ASSETCATALOG_COMPILER_APPICON_NAME = AppIcon;
				CODE_SIGN_STYLE = Automatic;
				DEVELOPMENT_TEAM = 92S7PT7663;
				INFOPLIST_FILE = StartTableView/Info.plist;
				LD_RUNPATH_SEARCH_PATHS = (
					"$(inherited)",
					"@executable_path/Frameworks",
				);
				PRODUCT_BUNDLE_IDENTIFIER = "com.yamatatsu-tech.StartTableView";
				PRODUCT_NAME = "$(TARGET_NAME)";
				SWIFT_VERSION = 5.0;
				TARGETED_DEVICE_FAMILY = "1,2";
			};
			name = Debug;
		};
		6743350523B5E72D00ADC0F4 /* Release */ = {
			isa = XCBuildConfiguration;
			buildSettings = {
				ASSETCATALOG_COMPILER_APPICON_NAME = AppIcon;
				CODE_SIGN_STYLE = Automatic;
				DEVELOPMENT_TEAM = 92S7PT7663;
				INFOPLIST_FILE = StartTableView/Info.plist;
				LD_RUNPATH_SEARCH_PATHS = (
					"$(inherited)",
					"@executable_path/Frameworks",
				);
				PRODUCT_BUNDLE_IDENTIFIER = "com.yamatatsu-tech.StartTableView";
				PRODUCT_NAME = "$(TARGET_NAME)";
				SWIFT_VERSION = 5.0;
				TARGETED_DEVICE_FAMILY = "1,2";
			};
			name = Release;
		};
/* End XCBuildConfiguration section */

/* Begin XCConfigurationList section */
		674334EA23B5E72C00ADC0F4 /* Build configuration list for PBXProject "StartTableView" */ = {
			isa = XCConfigurationList;
			buildConfigurations = (
				6743350123B5E72D00ADC0F4 /* Debug */,
				6743350223B5E72D00ADC0F4 /* Release */,
			);
			defaultConfigurationIsVisible = 0;
			defaultConfigurationName = Release;
		};
		6743350323B5E72D00ADC0F4 /* Build configuration list for PBXNativeTarget "StartTableView" */ = {
			isa = XCConfigurationList;
			buildConfigurations = (
				6743350423B5E72D00ADC0F4 /* Debug */,
				6743350523B5E72D00ADC0F4 /* Release */,
			);
			defaultConfigurationIsVisible = 0;
			defaultConfigurationName = Release;
		};
/* End XCConfigurationList section */
	};
	rootObject = 674334E723B5E72C00ADC0F4 /* Project object */;
}
